
Microsoft Visual Studio Solution File, Format Version 12.00
# Visual Studio Version 16
VisualStudioVersion = 16.0.30225.117
MinimumVisualStudioVersion = 10.0.40219.1
Project("{9A19103F-16F7-4668-BE54-9A1E7A4F7556}") = "BookStore", "BookStore\BookStore.csproj", "{F3F98A3D-3190-45EB-9174-074FDE609A0A}"
EndProject
Project("{2150E333-8FDC-42A3-9474-1A3956D46DE8}") = "Solution Items", "Solution Items", "{72EDAC7A-1B64-479F-A017-66A3B891255E}"
	ProjectSection(SolutionItems) = preProject
		.editorconfig = .editorconfig
	EndProjectSection
EndProject
Global
	GlobalSection(SolutionConfigurationPlatforms) = preSolution
		Debug|Any CPU = Debug|Any CPU
		Release|Any CPU = Release|Any CPU
	EndGlobalSection
	GlobalSection(ProjectConfigurationPlatforms) = postSolution
		{F3F98A3D-3190-45EB-9174-074FDE609A0A}.Debug|Any CPU.ActiveCfg = Debug|Any CPU
		{F3F98A3D-3190-45EB-9174-074FDE609A0A}.Debug|Any CPU.Build.0 = Debug|Any CPU
		{F3F98A3D-3190-45EB-9174-074FDE609A0A}.Release|Any CPU.ActiveCfg = Release|Any CPU
		{F3F98A3D-3190-45EB-9174-074FDE609A0A}.Release|Any CPU.Build.0 = Release|Any CPU
	EndGlobalSection
	GlobalSection(SolutionProperties) = preSolution
		HideSolutionNode = FALSE
	EndGlobalSection
	GlobalSection(ExtensibilityGlobals) = postSolution
		SolutionGuid = {F6B002F0-8C3E-4B4B-AB9A-21B174508B2F}
	EndGlobalSection
EndGlobal
